
Microsoft Visual Studio Solution File, Format Version 12.00
# Visual Studio Version 17
VisualStudioVersion = 17.0.31903.59
MinimumVisualStudioVersion = 10.0.40219.1
Project("{2150E333-8FDC-42A3-9474-1A3956D46DE8}") = "src", "src", "{827E0CD3-B72D-47B6-A68D-7590B98EB39B}"
EndProject
Project("{FAE04EC0-301F-11D3-BF4B-00C04F79EFBC}") = "PriceWatcher.Domain", "src\PriceWatcher.Domain\PriceWatcher.Domain.csproj", "{820B4605-3F33-41A0-BC8C-4190F6FC65DC}"
EndProject
Project("{FAE04EC0-301F-11D3-BF4B-00C04F79EFBC}") = "PriceWatcher.Infrastructure", "src\PriceWatcher.Infrastructure\PriceWatcher.Infrastructure.csproj", "{627B7FF8-FC0D-4F03-BBBF-CF14DB60776D}"
EndProject
Project("{FAE04EC0-301F-11D3-BF4B-00C04F79EFBC}") = "PriceWatcher.Bot", "src\PriceWatcher.Bot\PriceWatcher.Bot.csproj", "{CB429160-4B32-47C2-8D3F-D3557E802915}"
EndProject
Project("{FAE04EC0-301F-11D3-BF4B-00C04F79EFBC}") = "PriceWatcher.Worker", "src\PriceWatcher.Worker\PriceWatcher.Worker.csproj", "{A192F0DB-BFB2-4D29-9896-70299F25DE28}"
EndProject
Project("{FAE04EC0-301F-11D3-BF4B-00C04F79EFBC}") = "PriceWatcher.App", "src\PriceWatcher.App\PriceWatcher.App.csproj", "{C760D83A-F2D1-4782-8DEE-3548FBAF8344}"
EndProject
Project("{2150E333-8FDC-42A3-9474-1A3956D46DE8}") = "tests", "tests", "{0AB3BF05-4346-4AA6-1389-037BE0695223}"
EndProject
Project("{FAE04EC0-301F-11D3-BF4B-00C04F79EFBC}") = "PriceWatcher.Tests", "tests\PriceWatcher.Tests\PriceWatcher.Tests.csproj", "{B742DF03-2FC3-4EB0-BBDD-579046801696}"
EndProject
Global
	GlobalSection(SolutionConfigurationPlatforms) = preSolution
		Debug|Any CPU = Debug|Any CPU
		Debug|x64 = Debug|x64
		Debug|x86 = Debug|x86
		Release|Any CPU = Release|Any CPU
		Release|x64 = Release|x64
		Release|x86 = Release|x86
	EndGlobalSection
	GlobalSection(ProjectConfigurationPlatforms) = postSolution
		{820B4605-3F33-41A0-BC8C-4190F6FC65DC}.Debug|Any CPU.ActiveCfg = Debug|Any CPU
		{820B4605-3F33-41A0-BC8C-4190F6FC65DC}.Debug|Any CPU.Build.0 = Debug|Any CPU
		{820B4605-3F33-41A0-BC8C-4190F6FC65DC}.Debug|x64.ActiveCfg = Debug|Any CPU
		{820B4605-3F33-41A0-BC8C-4190F6FC65DC}.Debug|x64.Build.0 = Debug|Any CPU
		{820B4605-3F33-41A0-BC8C-4190F6FC65DC}.Debug|x86.ActiveCfg = Debug|Any CPU
		{820B4605-3F33-41A0-BC8C-4190F6FC65DC}.Debug|x86.Build.0 = Debug|Any CPU
		{820B4605-3F33-41A0-BC8C-4190F6FC65DC}.Release|Any CPU.ActiveCfg = Release|Any CPU
		{820B4605-3F33-41A0-BC8C-4190F6FC65DC}.Release|Any CPU.Build.0 = Release|Any CPU
		{820B4605-3F33-41A0-BC8C-4190F6FC65DC}.Release|x64.ActiveCfg = Release|Any CPU
		{820B4605-3F33-41A0-BC8C-4190F6FC65DC}.Release|x64.Build.0 = Release|Any CPU
		{820B4605-3F33-41A0-BC8C-4190F6FC65DC}.Release|x86.ActiveCfg = Release|Any CPU
		{820B4605-3F33-41A0-BC8C-4190F6FC65DC}.Release|x86.Build.0 = Release|Any CPU
		{627B7FF8-FC0D-4F03-BBBF-CF14DB60776D}.Debug|Any CPU.ActiveCfg = Debug|Any CPU
		{627B7FF8-FC0D-4F03-BBBF-CF14DB60776D}.Debug|Any CPU.Build.0 = Debug|Any CPU
		{627B7FF8-FC0D-4F03-BBBF-CF14DB60776D}.Debug|x64.ActiveCfg = Debug|Any CPU
		{627B7FF8-FC0D-4F03-BBBF-CF14DB60776D}.Debug|x64.Build.0 = Debug|Any CPU
		{627B7FF8-FC0D-4F03-BBBF-CF14DB60776D}.Debug|x86.ActiveCfg = Debug|Any CPU
		{627B7FF8-FC0D-4F03-BBBF-CF14DB60776D}.Debug|x86.Build.0 = Debug|Any CPU
		{627B7FF8-FC0D-4F03-BBBF-CF14DB60776D}.Release|Any CPU.ActiveCfg = Release|Any CPU
		{627B7FF8-FC0D-4F03-BBBF-CF14DB60776D}.Release|Any CPU.Build.0 = Release|Any CPU
		{627B7FF8-FC0D-4F03-BBBF-CF14DB60776D}.Release|x64.ActiveCfg = Release|Any CPU
		{627B7FF8-FC0D-4F03-BBBF-CF14DB60776D}.Release|x64.Build.0 = Release|Any CPU
		{627B7FF8-FC0D-4F03-BBBF-CF14DB60776D}.Release|x86.ActiveCfg = Release|Any CPU
		{627B7FF8-FC0D-4F03-BBBF-CF14DB60776D}.Release|x86.Build.0 = Release|Any CPU
		{CB429160-4B32-47C2-8D3F-D3557E802915}.Debug|Any CPU.ActiveCfg = Debug|Any CPU
		{CB429160-4B32-47C2-8D3F-D3557E802915}.Debug|Any CPU.Build.0 = Debug|Any CPU
		{CB429160-4B32-47C2-8D3F-D3557E802915}.Debug|x64.ActiveCfg = Debug|Any CPU
		{CB429160-4B32-47C2-8D3F-D3557E802915}.Debug|x64.Build.0 = Debug|Any CPU
		{CB429160-4B32-47C2-8D3F-D3557E802915}.Debug|x86.ActiveCfg = Debug|Any CPU
		{CB429160-4B32-47C2-8D3F-D3557E802915}.Debug|x86.Build.0 = Debug|Any CPU
		{CB429160-4B32-47C2-8D3F-D3557E802915}.Release|Any CPU.ActiveCfg = Release|Any CPU
		{CB429160-4B32-47C2-8D3F-D3557E802915}.Release|Any CPU.Build.0 = Release|Any CPU
		{CB429160-4B32-47C2-8D3F-D3557E802915}.Release|x64.ActiveCfg = Release|Any CPU
		{CB429160-4B32-47C2-8D3F-D3557E802915}.Release|x64.Build.0 = Release|Any CPU
		{CB429160-4B32-47C2-8D3F-D3557E802915}.Release|x86.ActiveCfg = Release|Any CPU
		{CB429160-4B32-47C2-8D3F-D3557E802915}.Release|x86.Build.0 = Release|Any CPU
		{A192F0DB-BFB2-4D29-9896-70299F25DE28}.Debug|Any CPU.ActiveCfg = Debug|Any CPU
		{A192F0DB-BFB2-4D29-9896-70299F25DE28}.Debug|Any CPU.Build.0 = Debug|Any CPU
		{A192F0DB-BFB2-4D29-9896-70299F25DE28}.Debug|x64.ActiveCfg = Debug|Any CPU
		{A192F0DB-BFB2-4D29-9896-70299F25DE28}.Debug|x64.Build.0 = Debug|Any CPU
		{A192F0DB-BFB2-4D29-9896-70299F25DE28}.Debug|x86.ActiveCfg = Debug|Any CPU
		{A192F0DB-BFB2-4D29-9896-70299F25DE28}.Debug|x86.Build.0 = Debug|Any CPU
		{A192F0DB-BFB2-4D29-9896-70299F25DE28}.Release|Any CPU.ActiveCfg = Release|Any CPU
		{A192F0DB-BFB2-4D29-9896-70299F25DE28}.Release|Any CPU.Build.0 = Release|Any CPU
		{A192F0DB-BFB2-4D29-9896-70299F25DE28}.Release|x64.ActiveCfg = Release|Any CPU
		{A192F0DB-BFB2-4D29-9896-70299F25DE28}.Release|x64.Build.0 = Release|Any CPU
		{A192F0DB-BFB2-4D29-9896-70299F25DE28}.Release|x86.ActiveCfg = Release|Any CPU
		{A192F0DB-BFB2-4D29-9896-70299F25DE28}.Release|x86.Build.0 = Release|Any CPU
		{C760D83A-F2D1-4782-8DEE-3548FBAF8344}.Debug|Any CPU.ActiveCfg = Debug|Any CPU
		{C760D83A-F2D1-4782-8DEE-3548FBAF8344}.Debug|Any CPU.Build.0 = Debug|Any CPU
		{C760D83A-F2D1-4782-8DEE-3548FBAF8344}.Debug|x64.ActiveCfg = Debug|Any CPU
		{C760D83A-F2D1-4782-8DEE-3548FBAF8344}.Debug|x64.Build.0 = Debug|Any CPU
		{C760D83A-F2D1-4782-8DEE-3548FBAF8344}.Debug|x86.ActiveCfg = Debug|Any CPU
		{C760D83A-F2D1-4782-8DEE-3548FBAF8344}.Debug|x86.Build.0 = Debug|Any CPU
		{C760D83A-F2D1-4782-8DEE-3548FBAF8344}.Release|Any CPU.ActiveCfg = Release|Any CPU
		{C760D83A-F2D1-4782-8DEE-3548FBAF8344}.Release|Any CPU.Build.0 = Release|Any CPU
		{C760D83A-F2D1-4782-8DEE-3548FBAF8344}.Release|x64.ActiveCfg = Release|Any CPU
		{C760D83A-F2D1-4782-8DEE-3548FBAF8344}.Release|x64.Build.0 = Release|Any CPU
		{C760D83A-F2D1-4782-8DEE-3548FBAF8344}.Release|x86.ActiveCfg = Release|Any CPU
		{C760D83A-F2D1-4782-8DEE-3548FBAF8344}.Release|x86.Build.0 = Release|Any CPU
		{B742DF03-2FC3-4EB0-BBDD-579046801696}.Debug|Any CPU.ActiveCfg = Debug|Any CPU
		{B742DF03-2FC3-4EB0-BBDD-579046801696}.Debug|Any CPU.Build.0 = Debug|Any CPU
		{B742DF03-2FC3-4EB0-BBDD-579046801696}.Debug|x64.ActiveCfg = Debug|Any CPU
		{B742DF03-2FC3-4EB0-BBDD-579046801696}.Debug|x64.Build.0 = Debug|Any CPU
		{B742DF03-2FC3-4EB0-BBDD-579046801696}.Debug|x86.ActiveCfg = Debug|Any CPU
		{B742DF03-2FC3-4EB0-BBDD-579046801696}.Debug|x86.Build.0 = Debug|Any CPU
		{B742DF03-2FC3-4EB0-BBDD-579046801696}.Release|Any CPU.ActiveCfg = Release|Any CPU
		{B742DF03-2FC3-4EB0-BBDD-579046801696}.Release|Any CPU.Build.0 = Release|Any CPU
		{B742DF03-2FC3-4EB0-BBDD-579046801696}.Release|x64.ActiveCfg = Release|Any CPU
		{B742DF03-2FC3-4EB0-BBDD-579046801696}.Release|x64.Build.0 = Release|Any CPU
		{B742DF03-2FC3-4EB0-BBDD-579046801696}.Release|x86.ActiveCfg = Release|Any CPU
		{B742DF03-2FC3-4EB0-BBDD-579046801696}.Release|x86.Build.0 = Release|Any CPU
	EndGlobalSection
	GlobalSection(SolutionProperties) = preSolution
		HideSolutionNode = FALSE
	EndGlobalSection
	GlobalSection(NestedProjects) = preSolution
		{820B4605-3F33-41A0-BC8C-4190F6FC65DC} = {827E0CD3-B72D-47B6-A68D-7590B98EB39B}
		{627B7FF8-FC0D-4F03-BBBF-CF14DB60776D} = {827E0CD3-B72D-47B6-A68D-7590B98EB39B}
		{CB429160-4B32-47C2-8D3F-D3557E802915} = {827E0CD3-B72D-47B6-A68D-7590B98EB39B}
		{A192F0DB-BFB2-4D29-9896-70299F25DE28} = {827E0CD3-B72D-47B6-A68D-7590B98EB39B}
		{C760D83A-F2D1-4782-8DEE-3548FBAF8344} = {827E0CD3-B72D-47B6-A68D-7590B98EB39B}
		{B742DF03-2FC3-4EB0-BBDD-579046801696} = {0AB3BF05-4346-4AA6-1389-037BE0695223}
	EndGlobalSection
EndGlobal
